
Microsoft Visual Studio Solution File, Format Version 12.00
# Visual Studio 15
VisualStudioVersion = 15.0.28307.1062
MinimumVisualStudioVersion = 10.0.40219.1
Project("{FAE04EC0-301F-11D3-BF4B-00C04F79EFBC}") = "mg_edit", "mg_edit\mg_edit.csproj", "{110073E3-0C72-4C7C-A42E-49460BC15DA8}"
EndProject
Global
	GlobalSection(SolutionConfigurationPlatforms) = preSolution
		Debug|Any CPU = Debug|Any CPU
		Release|Any CPU = Release|Any CPU
	EndGlobalSection
	GlobalSection(ProjectConfigurationPlatforms) = postSolution
		{110073E3-0C72-4C7C-A42E-49460BC15DA8}.Debug|Any CPU.ActiveCfg = Debug|Any CPU
		{110073E3-0C72-4C7C-A42E-49460BC15DA8}.Debug|Any CPU.Build.0 = Debug|Any CPU
		{110073E3-0C72-4C7C-A42E-49460BC15DA8}.Release|Any CPU.ActiveCfg = Release|Any CPU
		{110073E3-0C72-4C7C-A42E-49460BC15DA8}.Release|Any CPU.Build.0 = Release|Any CPU
	EndGlobalSection
	GlobalSection(SolutionProperties) = preSolution
		HideSolutionNode = FALSE
	EndGlobalSection
	GlobalSection(ExtensibilityGlobals) = postSolution
		SolutionGuid = {7FCF5652-0454-4B59-BC3B-7E11166BC035}
	EndGlobalSection
EndGlobal
